
Microsoft Visual Studio Solution File, Format Version 12.00
# Visual Studio Version 17
VisualStudioVersion = 17.14.36109.1 d17.14
MinimumVisualStudioVersion = 10.0.40219.1
Project("{FAE04EC0-301F-11D3-BF4B-00C04F79EFBC}") = "Bulky", "Bulky\Bulky.csproj", "{638CDEB8-5B94-48BB-83D5-D0AB79A5481F}"
EndProject
Global
	GlobalSection(SolutionConfigurationPlatforms) = preSolution
		Debug|Any CPU = Debug|Any CPU
		Release|Any CPU = Release|Any CPU
	EndGlobalSection
	GlobalSection(ProjectConfigurationPlatforms) = postSolution
		{638CDEB8-5B94-48BB-83D5-D0AB79A5481F}.Debug|Any CPU.ActiveCfg = Debug|Any CPU
		{638CDEB8-5B94-48BB-83D5-D0AB79A5481F}.Debug|Any CPU.Build.0 = Debug|Any CPU
		{638CDEB8-5B94-48BB-83D5-D0AB79A5481F}.Release|Any CPU.ActiveCfg = Release|Any CPU
		{638CDEB8-5B94-48BB-83D5-D0AB79A5481F}.Release|Any CPU.Build.0 = Release|Any CPU
	EndGlobalSection
	GlobalSection(SolutionProperties) = preSolution
		HideSolutionNode = FALSE
	EndGlobalSection
	GlobalSection(ExtensibilityGlobals) = postSolution
		SolutionGuid = {C0C858D2-E2A8-46AE-B7DE-2DC7C99AA3B8}
	EndGlobalSection
EndGlobal
