
Microsoft Visual Studio Solution File, Format Version 12.00
# Visual Studio Version 17
VisualStudioVersion = 17.14.36109.1
MinimumVisualStudioVersion = 10.0.40219.1
Project("{FAE04EC0-301F-11D3-BF4B-00C04F79EFBC}") = "BulkyWeb", "Bulky.Web\BulkyWeb.csproj", "{638CDEB8-5B94-48BB-83D5-D0AB79A5481F}"
EndProject
Project("{FAE04EC0-301F-11D3-BF4B-00C04F79EFBC}") = "Bulky.DataAccess", "Bulky.DataAccess\Bulky.DataAccess.csproj", "{D9300C17-D8DF-451A-981F-F504C759243A}"
EndProject
Project("{FAE04EC0-301F-11D3-BF4B-00C04F79EFBC}") = "Bulky.Models", "Bulky.Models\Bulky.Models.csproj", "{A7D142FE-0120-4F1C-9113-B51525B376DF}"
EndProject
Project("{FAE04EC0-301F-11D3-BF4B-00C04F79EFBC}") = "Bulky.Utility", "Bulky.Utility\Bulky.Utility.csproj", "{0D2F740B-5E4A-4B45-85B6-C83837E93D31}"
EndProject
Global
	GlobalSection(SolutionConfigurationPlatforms) = preSolution
		Debug|Any CPU = Debug|Any CPU
		Release|Any CPU = Release|Any CPU
	EndGlobalSection
	GlobalSection(ProjectConfigurationPlatforms) = postSolution
		{638CDEB8-5B94-48BB-83D5-D0AB79A5481F}.Debug|Any CPU.ActiveCfg = Debug|Any CPU
		{638CDEB8-5B94-48BB-83D5-D0AB79A5481F}.Debug|Any CPU.Build.0 = Debug|Any CPU
		{638CDEB8-5B94-48BB-83D5-D0AB79A5481F}.Release|Any CPU.ActiveCfg = Release|Any CPU
		{638CDEB8-5B94-48BB-83D5-D0AB79A5481F}.Release|Any CPU.Build.0 = Release|Any CPU
		{D9300C17-D8DF-451A-981F-F504C759243A}.Debug|Any CPU.ActiveCfg = Debug|Any CPU
		{D9300C17-D8DF-451A-981F-F504C759243A}.Debug|Any CPU.Build.0 = Debug|Any CPU
		{D9300C17-D8DF-451A-981F-F504C759243A}.Release|Any CPU.ActiveCfg = Release|Any CPU
		{D9300C17-D8DF-451A-981F-F504C759243A}.Release|Any CPU.Build.0 = Release|Any CPU
		{A7D142FE-0120-4F1C-9113-B51525B376DF}.Debug|Any CPU.ActiveCfg = Debug|Any CPU
		{A7D142FE-0120-4F1C-9113-B51525B376DF}.Debug|Any CPU.Build.0 = Debug|Any CPU
		{A7D142FE-0120-4F1C-9113-B51525B376DF}.Release|Any CPU.ActiveCfg = Release|Any CPU
		{A7D142FE-0120-4F1C-9113-B51525B376DF}.Release|Any CPU.Build.0 = Release|Any CPU
		{0D2F740B-5E4A-4B45-85B6-C83837E93D31}.Debug|Any CPU.ActiveCfg = Debug|Any CPU
		{0D2F740B-5E4A-4B45-85B6-C83837E93D31}.Debug|Any CPU.Build.0 = Debug|Any CPU
		{0D2F740B-5E4A-4B45-85B6-C83837E93D31}.Release|Any CPU.ActiveCfg = Release|Any CPU
		{0D2F740B-5E4A-4B45-85B6-C83837E93D31}.Release|Any CPU.Build.0 = Release|Any CPU
	EndGlobalSection
	GlobalSection(SolutionProperties) = preSolution
		HideSolutionNode = FALSE
	EndGlobalSection
	GlobalSection(ExtensibilityGlobals) = postSolution
		SolutionGuid = {C0C858D2-E2A8-46AE-B7DE-2DC7C99AA3B8}
	EndGlobalSection
EndGlobal
